{
  "version": "4",
  "remote": {
    "https://deno.land/std@0.131.0/async/abortable.ts": "87aa7230be8360c24ad437212311c9e8d4328854baec27b4c7abb26e85515c06",
    "https://deno.land/std@0.131.0/async/deadline.ts": "48ac998d7564969f3e6ec6b6f9bf0217ebd00239b1b2292feba61272d5dd58d0",
    "https://deno.land/std@0.131.0/async/debounce.ts": "564273ef242bcfcda19a439132f940db8694173abffc159ea34f07d18fc42620",
    "https://deno.land/std@0.131.0/async/deferred.ts": "bc18e28108252c9f67dfca2bbc4587c3cbf3aeb6e155f8c864ca8ecff992b98a",
    "https://deno.land/std@0.131.0/async/delay.ts": "cbbdf1c87d1aed8edc7bae13592fb3e27e3106e0748f089c263390d4f49e5f6c",
    "https://deno.land/std@0.131.0/async/mod.ts": "2240c6841157738414331f47dee09bb8c0482c5b1980b6e3234dd03515c8132f",
    "https://deno.land/std@0.131.0/async/mux_async_iterator.ts": "f4d1d259b0c694d381770ddaaa4b799a94843eba80c17f4a2ec2949168e52d1e",
    "https://deno.land/std@0.131.0/async/pool.ts": "97b0dd27c69544e374df857a40902e74e39532f226005543eabacb551e277082",
    "https://deno.land/std@0.131.0/async/tee.ts": "1341feb1f5b1a96f8628d0f8fc07d8c43d3813423f18a63bf1b4785568d21b1f",
    "https://deno.land/std@0.131.0/http/server.ts": "10c3a7814666cdbabd6f9c18acdcc4593e222275a628280a4868881445fbb5bc",
    "https://deno.land/std@0.177.0/async/abortable.ts": "73acfb3ed7261ce0d930dbe89e43db8d34e017b063cf0eaa7d215477bf53442e",
    "https://deno.land/std@0.177.0/async/deadline.ts": "c5facb0b404eede83e38bd2717ea8ab34faa2ffb20ef87fd261fcba32ba307aa",
    "https://deno.land/std@0.177.0/async/debounce.ts": "adab11d04ca38d699444ac8a9d9856b4155e8dda2afd07ce78276c01ea5a4332",
    "https://deno.land/std@0.177.0/async/deferred.ts": "42790112f36a75a57db4a96d33974a936deb7b04d25c6084a9fa8a49f135def8",
    "https://deno.land/std@0.177.0/async/delay.ts": "73aa04cec034c84fc748c7be49bb15cac3dd43a57174bfdb7a4aec22c248f0dd",
    "https://deno.land/std@0.177.0/async/mod.ts": "f04344fa21738e5ad6bea37a6bfffd57c617c2d372bb9f9dcfd118a1b622e576",
    "https://deno.land/std@0.177.0/async/mux_async_iterator.ts": "70c7f2ee4e9466161350473ad61cac0b9f115cff4c552eaa7ef9d50c4cbb4cc9",
    "https://deno.land/std@0.177.0/async/pool.ts": "fd082bd4aaf26445909889435a5c74334c017847842ec035739b4ae637ae8260",
    "https://deno.land/std@0.177.0/async/retry.ts": "5efa3ba450ac0c07a40a82e2df296287b5013755d232049efd7ea2244f15b20f",
    "https://deno.land/std@0.177.0/async/tee.ts": "47e42d35f622650b02234d43803d0383a89eb4387e1b83b5a40106d18ae36757",
    "https://deno.land/std@0.177.0/http/server.ts": "cbb17b594651215ba95c01a395700684e569c165a567e4e04bba327f41197433",
    "https://esm.sh/openai@4.20.0": "0d32503deaed31bbdfeb27c48cd6da11ef023718e49464514f55289ee847202e",
    "https://esm.sh/openai@4.20.0/denonext/_shims/MultipartBody.mjs": "26acf26ac2d43089acfd13498f69b7530c6593d0ed112f8a3602dfb9e0add481",
    "https://esm.sh/openai@4.20.0/denonext/_shims/auto/runtime.mjs": "2fb6e88d7ee027fd9a624ed4274247a70697136a1fe71f8eb37af85210c59078",
    "https://esm.sh/openai@4.20.0/denonext/_shims/index.mjs": "f19a34523e2c67e79dd765329548f4d80d80fa772655498fc67428581f0540ee",
    "https://esm.sh/openai@4.20.0/denonext/_shims/registry.mjs": "908401a91282309d625d5fb579a93a3e74400e6346bc97e53470a6c4a44fef2b",
    "https://esm.sh/openai@4.20.0/denonext/_shims/web-runtime.mjs": "f852baafe31401cebdf612dec8332f113c2fc4c59c09dcb63ccd11c49dc57a69",
    "https://esm.sh/openai@4.20.0/denonext/core.mjs": "861b5a1b06a99368a474222508267b272f833f44b8c0c478587b32ac353f1448",
    "https://esm.sh/openai@4.20.0/denonext/error.mjs": "a316822d8678f916def881081c3925065aff95d1109cc0a4c0facb6c28cfee57",
    "https://esm.sh/openai@4.20.0/denonext/lib/AbstractChatCompletionRunner.mjs": "06425817372f07cff530ce339dcfbb1a6fefbc1bf987a6535cd5bc46a3da54ad",
    "https://esm.sh/openai@4.20.0/denonext/lib/ChatCompletionRunner.mjs": "75f1f4629f29e5fcc0affbd855906c305bdea1c2e45e1b1dcc800fb17ad86d70",
    "https://esm.sh/openai@4.20.0/denonext/lib/ChatCompletionStream.mjs": "4b2c4bc3a4f0320ff4156fd8965ea7991eace090458052a7cd6879f205d9559e",
    "https://esm.sh/openai@4.20.0/denonext/lib/ChatCompletionStreamingRunner.mjs": "96dee1efdd3195bcca4c05bacddbc57c67ac5bad4043e768cd4e2cd489fce9e8",
    "https://esm.sh/openai@4.20.0/denonext/lib/RunnableFunction.mjs": "18d7b2b849bda6e6a31ecc58781458f722939a1958ea1be11514cbb901bcf05e",
    "https://esm.sh/openai@4.20.0/denonext/lib/chatCompletionUtils.mjs": "e579ac0eb9c0848265d83c59b22fc88840bd92c66c2569998dff7ed307e94f54",
    "https://esm.sh/openai@4.20.0/denonext/openai.mjs": "fbe683a175fcb90b19cd2c26281da0a728371cbaed139483946d0af073430429",
    "https://esm.sh/openai@4.20.0/denonext/pagination.mjs": "241485b60d7f9dc35353cc2cd7ec3d961dda2868543cf0dec10c14afc34295c4",
    "https://esm.sh/openai@4.20.0/denonext/resource.mjs": "893fe7c8e57983fb70ca9c55f8fa4b93d2d90d70e1e520a72c736de28958431a",
    "https://esm.sh/openai@4.20.0/denonext/resources/audio/audio.mjs": "6b617e60d64360d0dd5b4277a456c0cdd8a23c7802ba3e095a1de2510d2c58b7",
    "https://esm.sh/openai@4.20.0/denonext/resources/audio/speech.mjs": "8115432779c9d991b956515c8dcf98db2a5c5e79db627912e0d57146594710b4",
    "https://esm.sh/openai@4.20.0/denonext/resources/audio/transcriptions.mjs": "d3b147c2af2ea1a0953b5efc9ee90d0f86a071c391030c3404aaceaabdd734e2",
    "https://esm.sh/openai@4.20.0/denonext/resources/audio/translations.mjs": "8a1f3b169937ef894ff28ad6f372a6faedafafb18ea565d8a1dab69d5ad073d8",
    "https://esm.sh/openai@4.20.0/denonext/resources/beta/assistants/assistants.mjs": "2a51390641ad9b777d4d1e26f1c6d97e59d511b83fb757c9625abb2761b3cdcd",
    "https://esm.sh/openai@4.20.0/denonext/resources/beta/assistants/files.mjs": "b0052746390c6a4586072f1748e8f0b6e0cc10f6578d353dd3ed6e299de8fe4e",
    "https://esm.sh/openai@4.20.0/denonext/resources/beta/beta.mjs": "cc65c199b0504703e1971b7e99c974404c6f330c18ca62014a40297517df313e",
    "https://esm.sh/openai@4.20.0/denonext/resources/beta/chat/chat.mjs": "707247005f6f31ef47b5fb34b2bd7cf34d483325712fe9ee57bb056ca73ff9bc",
    "https://esm.sh/openai@4.20.0/denonext/resources/beta/chat/completions.mjs": "f0ec48ab947e8a5fd6554bab7b84cb0932d07f35ba0d4001dc428b7f3fe381ec",
    "https://esm.sh/openai@4.20.0/denonext/resources/beta/threads/messages/files.mjs": "0811d6ca4587a1848272762a04e2ec7cf96229b741095834721519949a2e3b08",
    "https://esm.sh/openai@4.20.0/denonext/resources/beta/threads/messages/messages.mjs": "7e91ff122a876e05768503472b656bf72f2192e177ec86af062645963e4777c8",
    "https://esm.sh/openai@4.20.0/denonext/resources/beta/threads/runs/runs.mjs": "866daf261e62ebf44f3602e37c6d175e7152878b16b6487434206981c6f8c394",
    "https://esm.sh/openai@4.20.0/denonext/resources/beta/threads/runs/steps.mjs": "2707845357e5cae97229e2b3353f92c5da09e9e5d1c9575db3f76f5151ddf037",
    "https://esm.sh/openai@4.20.0/denonext/resources/beta/threads/threads.mjs": "6f1dceee01bb818b1c0fb7edb8267c2675e18f3f947666fac1c1474f012b6983",
    "https://esm.sh/openai@4.20.0/denonext/resources/chat/chat.mjs": "0aa9a1021c763dc0df418b4c9fe95bd1fb10a9fff2050cb77a019e60be66300f",
    "https://esm.sh/openai@4.20.0/denonext/resources/chat/completions.mjs": "cc962def4e6d8bf29b74c70dcbb954f36c57189ee4f0e3ff937ae994a11ec46c",
    "https://esm.sh/openai@4.20.0/denonext/resources/chat/index.mjs": "5d772a8ffb4f53043ba7e568bb18ce656362d9517083997b6b0590b80026fd1d",
    "https://esm.sh/openai@4.20.0/denonext/resources/completions.mjs": "6767f43cd47b1a911d446848e100a6e9021bc007d59a415ce25978b787c5bf8d",
    "https://esm.sh/openai@4.20.0/denonext/resources/edits.mjs": "60c85e6ba51b9cfd4193c0069275a4e9a622fa613d4a7e9e8872ec20076c692c",
    "https://esm.sh/openai@4.20.0/denonext/resources/embeddings.mjs": "949da2fa832c9095a2cbde067bf45df10f62629df4eb810dac93615090e3bf5b",
    "https://esm.sh/openai@4.20.0/denonext/resources/files.mjs": "e457120f71ce645b6f934355ef9b5d3e9300a9dd33fffe7a9a9b02eaca648bfb",
    "https://esm.sh/openai@4.20.0/denonext/resources/fine-tunes.mjs": "036e6bf0cedc0fd3cb2d906c7c05c94dbfee13fc68c4997adcdd3a9e9a9b4c83",
    "https://esm.sh/openai@4.20.0/denonext/resources/fine-tuning/fine-tuning.mjs": "38b6868f30b8c8c51163cda91b874ee5dc9d0f973109ebee77e28691710b01f3",
    "https://esm.sh/openai@4.20.0/denonext/resources/fine-tuning/jobs.mjs": "d7eb54024e96f40472a99a6e4714f6e8ec34a533ffce2afdc77c5618f5fac3a3",
    "https://esm.sh/openai@4.20.0/denonext/resources/images.mjs": "ffd05901f93523d35228ac78bec264f3e9f1cd6d31ee930812a3db635ebcc619",
    "https://esm.sh/openai@4.20.0/denonext/resources/index.mjs": "b80e39fea0d6a14338697e586191569e4c7a0fa7c9a4d8760f075e16a4eef687",
    "https://esm.sh/openai@4.20.0/denonext/resources/models.mjs": "e1ea28ae18c17256a46f3623a7dd12db8fb1f20528309945b4b5a3659f92971d",
    "https://esm.sh/openai@4.20.0/denonext/resources/moderations.mjs": "144e162debc30da7633da822257ea9e6b6817d50e3d101667452155e2e6b7d20",
    "https://esm.sh/openai@4.20.0/denonext/resources/shared.mjs": "e0f616c140832b8eb965888468bb83c00d621445a712a1fefd9e8ac496dc225a",
    "https://esm.sh/openai@4.20.0/denonext/streaming.mjs": "2617e4f3bae78f1e1d773f940d1b683dd2963d4a91393d292479adab3f70a0a0",
    "https://esm.sh/openai@4.20.0/denonext/uploads.mjs": "bf3bcbe7dcb4811f8fa1ef50472e6733ed1dc30a63956b56abd516447c3f3b2a",
    "https://esm.sh/openai@4.20.0/denonext/version.mjs": "5768a225680bd8cb6a90e3220fcb2cf1659961d6d85287d53e98d070364188fd"
  },
  "workspace": {
    "packageJson": {
      "dependencies": [
        "npm:@dnd-kit/core@^6.3.1",
        "npm:@dnd-kit/sortable@10",
        "npm:@emotion/react@^11.14.0",
        "npm:@emotion/styled@^11.14.0",
        "npm:@eslint/js@^9.9.1",
        "npm:@google-cloud/local-auth@^2.1.0",
        "npm:@headlessui/react@^2.2.2",
        "npm:@mui/icons-material@^6.4.7",
        "npm:@mui/material@^6.4.7",
        "npm:@nanostores/react@1",
        "npm:@radix-ui/react-dialog@^1.0.5",
        "npm:@radix-ui/react-label@^2.1.4",
        "npm:@radix-ui/react-progress@^1.1.4",
        "npm:@radix-ui/react-select@^2.2.2",
        "npm:@radix-ui/react-slot@^1.2.0",
        "npm:@radix-ui/react-tooltip@^1.0.7",
        "npm:@supabase/auth-ui-react@~0.4.7",
        "npm:@supabase/auth-ui-shared@~0.1.8",
        "npm:@supabase/supabase-js@^2.39.3",
        "npm:@testing-library/jest-dom@^6.6.3",
        "npm:@testing-library/react@^14.3.1",
        "npm:@tiptap/core@^2.12.0",
        "npm:@tiptap/extension-color@^2.14.0",
        "npm:@tiptap/extension-font-family@^2.14.0",
        "npm:@tiptap/extension-highlight@^2.14.0",
        "npm:@tiptap/extension-link@^2.14.0",
        "npm:@tiptap/extension-placeholder@^2.14.0",
        "npm:@tiptap/extension-subscript@^2.14.0",
        "npm:@tiptap/extension-superscript@^2.14.0",
        "npm:@tiptap/extension-text-align@^2.14.0",
        "npm:@tiptap/extension-text-style@^2.14.0",
        "npm:@tiptap/extension-underline@^2.14.0",
        "npm:@tiptap/react@^2.14.0",
        "npm:@tiptap/starter-kit@^2.14.0",
        "npm:@types/canvas-confetti@^1.9.0",
        "npm:@types/chart.js@^2.9.41",
        "npm:@types/file-saver@^2.0.7",
        "npm:@types/html2canvas@~0.5.35",
        "npm:@types/jest@^29.5.14",
        "npm:@types/papaparse@^5.3.15",
        "npm:@types/pg@^8.11.14",
        "npm:@types/react-beautiful-dnd@^13.1.8",
        "npm:@types/react-color@^3.0.13",
        "npm:@types/react-dom@^18.3.0",
        "npm:@types/react-syntax-highlighter@^15.5.13",
        "npm:@types/react@^18.3.5",
        "npm:@types/string-similarity@^4.0.2",
        "npm:@types/uuid@10",
        "npm:@vitejs/plugin-react@^4.3.1",
        "npm:autoprefixer@^10.4.18",
        "npm:axios@^1.8.3",
        "npm:canvas-confetti@^1.9.3",
        "npm:chalk@^5.4.1",
        "npm:chart.js@^4.4.9",
        "npm:class-variance-authority@~0.7.1",
        "npm:clsx@^2.1.1",
        "npm:daisyui@^5.0.28",
        "npm:dotenv@^16.5.0",
        "npm:eslint-plugin-react-hooks@^5.1.0-rc.0",
        "npm:eslint-plugin-react-refresh@~0.4.11",
        "npm:eslint@^9.9.1",
        "npm:file-saver@^2.0.5",
        "npm:framer-motion@^12.9.2",
        "npm:globals@^15.9.0",
        "npm:googleapis@133",
        "npm:html2canvas@^1.4.1",
        "npm:immer@^10.1.1",
        "npm:jest@^29.7.0",
        "npm:json5@^2.2.3",
        "npm:jspdf-autotable@^3.8.2",
        "npm:jspdf@^2.5.1",
        "npm:lucide-react@0.344",
        "npm:node-fetch@^3.3.2",
        "npm:openai@^4.28.0",
        "npm:papaparse@^5.4.1",
        "npm:pg@^8.11.3",
        "npm:postcss@^8.4.35",
        "npm:pptxgenjs@4",
        "npm:react-beautiful-dnd@^13.1.1",
        "npm:react-chartjs-2@^5.3.0",
        "npm:react-color@^2.19.3",
        "npm:react-dnd-html5-backend@^16.0.1",
        "npm:react-dnd@^16.0.1",
        "npm:react-dom@^18.3.1",
        "npm:react-draggable@^4.4.6",
        "npm:react-dropzone@^14.3.8",
        "npm:react-hook-form@^7.56.3",
        "npm:react-quill@2.0.0",
        "npm:react-router-dom@^6.22.2",
        "npm:react-syntax-highlighter@^15.6.1",
        "npm:react@^18.3.1",
        "npm:recharts@^2.15.3",
        "npm:sonner@^2.0.3",
        "npm:string-similarity@^4.0.4",
        "npm:tailwind-merge@^3.2.0",
        "npm:tailwindcss-animate@^1.0.7",
        "npm:tailwindcss@^3.4.1",
        "npm:ts-jest@^29.2.5",
        "npm:ts-node@^10.9.2",
        "npm:typescript-eslint@^8.3.0",
        "npm:typescript@^5.5.3",
        "npm:uuid@^11.1.0",
        "npm:vite-tsconfig-paths@^5.1.4",
        "npm:vite@^6.2.2",
        "npm:xlsx@~0.18.5",
        "npm:zustand@^4.5.1"
      ]
    }
  }
}
